
Microsoft Visual Studio Solution File, Format Version 12.00
# Visual Studio Version 17
VisualStudioVersion = 17.6.33829.357
MinimumVisualStudioVersion = 10.0.40219.1
Project("{FAE04EC0-301F-11D3-BF4B-00C04F79EFBC}") = "MVC Test", "MVC Test\MVC Test.csproj", "{F2565B98-2E1A-4CD6-B3C6-E7339243C664}"
EndProject
Project("{FAE04EC0-301F-11D3-BF4B-00C04F79EFBC}") = "MVC Test.Tests", "MVC Test.Tests\MVC Test.Tests.csproj", "{F569F134-21E8-4F9A-883E-24C30FFBB75A}"
EndProject
Global
	GlobalSection(SolutionConfigurationPlatforms) = preSolution
		Debug|Any CPU = Debug|Any CPU
		Release|Any CPU = Release|Any CPU
	EndGlobalSection
	GlobalSection(ProjectConfigurationPlatforms) = postSolution
		{F2565B98-2E1A-4CD6-B3C6-E7339243C664}.Debug|Any CPU.ActiveCfg = Debug|Any CPU
		{F2565B98-2E1A-4CD6-B3C6-E7339243C664}.Debug|Any CPU.Build.0 = Debug|Any CPU
		{F2565B98-2E1A-4CD6-B3C6-E7339243C664}.Release|Any CPU.ActiveCfg = Release|Any CPU
		{F2565B98-2E1A-4CD6-B3C6-E7339243C664}.Release|Any CPU.Build.0 = Release|Any CPU
		{F569F134-21E8-4F9A-883E-24C30FFBB75A}.Debug|Any CPU.ActiveCfg = Debug|Any CPU
		{F569F134-21E8-4F9A-883E-24C30FFBB75A}.Debug|Any CPU.Build.0 = Debug|Any CPU
		{F569F134-21E8-4F9A-883E-24C30FFBB75A}.Release|Any CPU.ActiveCfg = Release|Any CPU
		{F569F134-21E8-4F9A-883E-24C30FFBB75A}.Release|Any CPU.Build.0 = Release|Any CPU
	EndGlobalSection
	GlobalSection(SolutionProperties) = preSolution
		HideSolutionNode = FALSE
	EndGlobalSection
	GlobalSection(ExtensibilityGlobals) = postSolution
		SolutionGuid = {77CA2E6E-8BA5-45E5-8F5F-A2849D838C35}
	EndGlobalSection
EndGlobal
